
Microsoft Visual Studio Solution File, Format Version 12.00
# Visual Studio Version 16
VisualStudioVersion = 16.0.30011.22
MinimumVisualStudioVersion = 10.0.40219.1
Project("{FAE04EC0-301F-11D3-BF4B-00C04F79EFBC}") = "ME_ServiceController", "ME_ServiceController\ME_ServiceController.csproj", "{BC223EB1-F94C-4FD3-A9F5-2FF9E45B2FDC}"
EndProject
Global
	GlobalSection(SolutionConfigurationPlatforms) = preSolution
		Debug|Any CPU = Debug|Any CPU
		Release|Any CPU = Release|Any CPU
	EndGlobalSection
	GlobalSection(ProjectConfigurationPlatforms) = postSolution
		{BC223EB1-F94C-4FD3-A9F5-2FF9E45B2FDC}.Debug|Any CPU.ActiveCfg = Debug|Any CPU
		{BC223EB1-F94C-4FD3-A9F5-2FF9E45B2FDC}.Debug|Any CPU.Build.0 = Debug|Any CPU
		{BC223EB1-F94C-4FD3-A9F5-2FF9E45B2FDC}.Release|Any CPU.ActiveCfg = Release|Any CPU
		{BC223EB1-F94C-4FD3-A9F5-2FF9E45B2FDC}.Release|Any CPU.Build.0 = Release|Any CPU
	EndGlobalSection
	GlobalSection(SolutionProperties) = preSolution
		HideSolutionNode = FALSE
	EndGlobalSection
	GlobalSection(ExtensibilityGlobals) = postSolution
		SolutionGuid = {F2183525-3F93-44CC-ABA6-9735D3981695}
	EndGlobalSection
EndGlobal
